{
  "nodes": {
    "concurrentQueue": {
      "flake": false,
      "locked": {
        "lastModified": 1740878108,
        "narHash": "sha256-enwxs2t2IUWpTiSZP/+8Oy06IhE7ChzekEdcmKgCEsg=",
        "owner": "cameron314",
        "repo": "concurrentqueue",
        "rev": "2f09da73d22a47dc8a89cdd4fc4c3bfae07f4284",
        "type": "github"
      },
      "original": {
        "owner": "cameron314",
        "repo": "concurrentqueue",
        "type": "github"
      }
    },
    "flake-utils": {
      "inputs": {
        "systems": "systems"
      },
      "locked": {
        "lastModified": 1731533236,
        "narHash": "sha256-l0KFg5HjrsfsO/JpG+r7fRrqm12kzFHyUHqHCVpMMbI=",
        "owner": "numtide",
        "repo": "flake-utils",
        "rev": "11707dc2f618dd54ca8739b309ec4fc024de578b",
        "type": "github"
      },
      "original": {
        "owner": "numtide",
        "repo": "flake-utils",
        "type": "github"
      }
    },
    "nixpkgs": {
      "locked": {
        "lastModified": 1742395137,
        "narHash": "sha256-WWNNjCSzQCtATpCFEijm81NNG1xqlLMVbIzXAiZysbs=",
        "owner": "nixos",
        "repo": "nixpkgs",
        "rev": "2a725d40de138714db4872dc7405d86457aa17ad",
        "type": "github"
      },
      "original": {
        "owner": "nixos",
        "ref": "nixpkgs-unstable",
        "repo": "nixpkgs",
        "type": "github"
      }
    },
    "nixpkgs_2": {
      "locked": {
        "lastModified": 1735554305,
        "narHash": "sha256-zExSA1i/b+1NMRhGGLtNfFGXgLtgo+dcuzHzaWA6w3Q=",
        "owner": "nixos",
        "repo": "nixpkgs",
        "rev": "0e82ab234249d8eee3e8c91437802b32c74bb3fd",
        "type": "github"
      },
      "original": {
        "owner": "nixos",
        "ref": "nixpkgs-unstable",
        "repo": "nixpkgs",
        "type": "github"
      }
    },
    "root": {
      "inputs": {
        "concurrentQueue": "concurrentQueue",
        "flake-utils": "flake-utils",
        "nixpkgs": "nixpkgs",
        "sortmernaSrc": "sortmernaSrc",
        "treefmt-nix": "treefmt-nix"
      }
    },
    "sortmernaSrc": {
      "flake": false,
      "locked": {
        "lastModified": 1735737286,
        "narHash": "sha256-hMxfzfr9YFLeCCBzkw484kcqPC7NUVYDNLonvIQJbGs=",
        "owner": "sortmerna",
        "repo": "sortmerna",
        "rev": "52323cc0a91299cee9be07acf4795728378666b9",
        "type": "github"
      },
      "original": {
        "owner": "sortmerna",
        "repo": "sortmerna",
        "type": "github"
      }
    },
    "systems": {
      "locked": {
        "lastModified": 1681028828,
        "narHash": "sha256-Vy1rq5AaRuLzOxct8nz4T6wlgyUR7zLU309k9mBC768=",
        "owner": "nix-systems",
        "repo": "default",
        "rev": "da67096a3b9bf56a91d16901293e51ba5b49a27e",
        "type": "github"
      },
      "original": {
        "owner": "nix-systems",
        "repo": "default",
        "type": "github"
      }
    },
    "treefmt-nix": {
      "inputs": {
        "nixpkgs": "nixpkgs_2"
      },
      "locked": {
        "lastModified": 1742370146,
        "narHash": "sha256-XRE8hL4vKIQyVMDXykFh4ceo3KSpuJF3ts8GKwh5bIU=",
        "owner": "numtide",
        "repo": "treefmt-nix",
        "rev": "adc195eef5da3606891cedf80c0d9ce2d3190808",
        "type": "github"
      },
      "original": {
        "owner": "numtide",
        "repo": "treefmt-nix",
        "type": "github"
      }
    }
  },
  "root": "root",
  "version": 7
}
